
Microsoft Visual Studio Solution File, Format Version 12.00
# Visual Studio 2012
Project("{FAE04EC0-301F-11D3-BF4B-00C04F79EFBC}") = "Logging", "Logging\Logging.csproj", "{0D939E66-E1E0-4706-BA4E-ABF427BC56B1}"
EndProject
Project("{FAE04EC0-301F-11D3-BF4B-00C04F79EFBC}") = "Logging.Test", "Logging.Test\Logging.Test.csproj", "{0AEACAA2-4A70-429F-93FD-DB41D616D905}"
EndProject
Global
	GlobalSection(SolutionConfigurationPlatforms) = preSolution
		Debug|Any CPU = Debug|Any CPU
		Release|Any CPU = Release|Any CPU
	EndGlobalSection
	GlobalSection(ProjectConfigurationPlatforms) = postSolution
		{0D939E66-E1E0-4706-BA4E-ABF427BC56B1}.Debug|Any CPU.ActiveCfg = Debug|Any CPU
		{0D939E66-E1E0-4706-BA4E-ABF427BC56B1}.Debug|Any CPU.Build.0 = Debug|Any CPU
		{0D939E66-E1E0-4706-BA4E-ABF427BC56B1}.Release|Any CPU.ActiveCfg = Release|Any CPU
		{0D939E66-E1E0-4706-BA4E-ABF427BC56B1}.Release|Any CPU.Build.0 = Release|Any CPU
		{0AEACAA2-4A70-429F-93FD-DB41D616D905}.Debug|Any CPU.ActiveCfg = Debug|Any CPU
		{0AEACAA2-4A70-429F-93FD-DB41D616D905}.Debug|Any CPU.Build.0 = Debug|Any CPU
		{0AEACAA2-4A70-429F-93FD-DB41D616D905}.Release|Any CPU.ActiveCfg = Release|Any CPU
		{0AEACAA2-4A70-429F-93FD-DB41D616D905}.Release|Any CPU.Build.0 = Release|Any CPU
	EndGlobalSection
	GlobalSection(SolutionProperties) = preSolution
		HideSolutionNode = FALSE
	EndGlobalSection
EndGlobal
